# THIS IS AN AUTOGENERATED FILE. DO NOT EDIT THIS FILE DIRECTLY.
# yarn lockfile v1


"@prettier/plugin-php@^0.22.2":
  version "0.22.4"
  resolved "https://registry.yarnpkg.com/@prettier/plugin-php/-/plugin-php-0.22.4.tgz#8752001f30be93079db9062c47139a2fc9ee770f"
  integrity sha512-uZWqfyrwsxScIYkmVcfnoQGFmKVMXTHD5pqYT4l8fxzm5P3XY94hTPbf8X6TFCi2QTZBIot7GS8lfIjQjldc2g==
  dependencies:
    linguist-languages "^7.27.0"
    php-parser "^3.1.5"

css-declaration-sorter@^7.3.0:
  version "7.3.1"
  resolved "https://registry.yarnpkg.com/css-declaration-sorter/-/css-declaration-sorter-7.3.1.tgz#acd204976d7ca5240b5579bfe6e73d4d088fd568"
  integrity sha512-gz6x+KkgNCjxq3Var03pRYLhyNfwhkKF1g/yoLgDNtFvVu0/fOLV9C8fFEZRjACp/XQLumjAYo7JVjzH3wLbxA==

linguist-languages@^7.27.0:
  version "7.31.2"
  resolved "https://registry.yarnpkg.com/linguist-languages/-/linguist-languages-7.31.2.tgz#33a3981fd3769ccb688b68f3979e9faca3fdffbf"
  integrity sha512-UQv5iuzEcGoYWdc/Ea2yqLiFbe8rQmIa5uD1FLwF5vBYmwbTvJlPJfHaIVtfYZTQf2wg7pzhxkwkGPP3q+v+EA==

nanoid@^3.3.11:
  version "3.3.11"
  resolved "https://registry.yarnpkg.com/nanoid/-/nanoid-3.3.11.tgz#4f4f112cefbe303202f2199838128936266d185b"
  integrity sha512-N8SpfPUnUp1bK+PMYW8qSWdl9U+wwNWI4QKxOYDy9JAro3WMX7p2OeVRF9v+347pnakNevPmiHhNmZ2HbFA76w==

php-parser@^3.1.5:
  version "3.4.0"
  resolved "https://registry.yarnpkg.com/php-parser/-/php-parser-3.4.0.tgz#dcd7743bf01caaaa7281e8b253f4cdbbea6e1265"
  integrity sha512-JoDPazv8OESrVtcoIuO8HC587zVNJYSYUIl9zYn+JEpwlHSOrxmyMHB+sDS0O1ID5z1aFxPnr+vAUGoSKphlHA==

picocolors@^1.1.1:
  version "1.1.1"
  resolved "https://registry.yarnpkg.com/picocolors/-/picocolors-1.1.1.tgz#3d321af3eab939b083c8f929a1d12cda81c26b6b"
  integrity sha512-xceH2snhtb5M9liqDsmEw56le376mTZkEX/jEb/RxNFyegNul7eNslCXP9FDj/Lcu0X8KEyMceP2ntpaHrDEVA==

postcss-less@^6.0.0:
  version "6.0.0"
  resolved "https://registry.yarnpkg.com/postcss-less/-/postcss-less-6.0.0.tgz#463b34c60f53b648c237f569aeb2e09149d85af4"
  integrity sha512-FPX16mQLyEjLzEuuJtxA8X3ejDLNGGEG503d2YGZR5Ask1SpDN8KmZUMpzCvyalWRywAn1n1VOA5dcqfCLo5rg==

postcss-scss@^4.0.9:
  version "4.0.9"
  resolved "https://registry.yarnpkg.com/postcss-scss/-/postcss-scss-4.0.9.tgz#a03c773cd4c9623cb04ce142a52afcec74806685"
  integrity sha512-AjKOeiwAitL/MXxQW2DliT28EKukvvbEWx3LBmJIRN8KfBGZbRTxNYW0kSqi1COiTZ57nZ9NW06S6ux//N1c9A==

postcss@^8.4.35:
  version "8.5.6"
  resolved "https://registry.yarnpkg.com/postcss/-/postcss-8.5.6.tgz#2825006615a619b4f62a9e7426cc120b349a8f3c"
  integrity sha512-3Ybi1tAuwAP9s0r1UQ2J4n5Y0G05bJkpUIO0/bI9MhwmD70S5aTWbXGBwxHrelT+XM1k6dM0pk+SwNkpTRN7Pg==
  dependencies:
    nanoid "^3.3.11"
    picocolors "^1.1.1"
    source-map-js "^1.2.1"

prettier-plugin-css-order@^2.0.1:
  version "2.2.0"
  resolved "https://registry.yarnpkg.com/prettier-plugin-css-order/-/prettier-plugin-css-order-2.2.0.tgz#5759654b8442f1304263fa388869499dfa412bb6"
  integrity sha512-GCkwEgQ2roT7le+zpUFQThPDO4x5EXcZmY9Rj6rvO++I/nATTGBWdZdsooha/BlvIBbZclJzXsgJdlKWrys9+w==
  dependencies:
    css-declaration-sorter "^7.3.0"
    postcss-less "^6.0.0"
    postcss-scss "^4.0.9"

prettier@^3.2.5:
  version "3.8.1"
  resolved "https://registry.yarnpkg.com/prettier/-/prettier-3.8.1.tgz#edf48977cf991558f4fcbd8a3ba6015ba2a3a173"
  integrity sha512-UOnG6LftzbdaHZcKoPFtOcCKztrQ57WkHDeRD9t/PTQtmT0NHSeWWepj6pS0z/N7+08BHFDQVUrfmfMRcZwbMg==

source-map-js@^1.2.1:
  version "1.2.1"
  resolved "https://registry.yarnpkg.com/source-map-js/-/source-map-js-1.2.1.tgz#1ce5650fddd87abc099eda37dcff024c2667ae46"
  integrity sha512-UXWMKhLOwVKb728IUtQPXxfYU+usdybtUrK/8uGE8CQMvrhOpwvzDBwj0QhSL7MQc7vIsISBG8VQ8+IDQxpfQA==
