# THIS IS AN AUTOGENERATED FILE. DO NOT EDIT THIS FILE DIRECTLY.
# yarn lockfile v1


"@prettier/plugin-php@^0.22.2":
  version "0.22.2"
  resolved "https://registry.yarnpkg.com/@prettier/plugin-php/-/plugin-php-0.22.2.tgz#9a575f7f53ce102d72bb17fa0bd6580f1618bbd9"
  integrity sha512-md0+7tNbsP0oy+wIP3KZZc6fzx1k1jtWaMjOy/gM8yU9f2BDYEi+iHOc/UNPihYvPI28zFTbjvlhH4QXQjQwNg==
  dependencies:
    linguist-languages "^7.27.0"
    php-parser "^3.1.5"

css-declaration-sorter@^7.1.1:
  version "7.2.0"
  resolved "https://registry.yarnpkg.com/css-declaration-sorter/-/css-declaration-sorter-7.2.0.tgz#6dec1c9523bc4a643e088aab8f09e67a54961024"
  integrity sha512-h70rUM+3PNFuaBDTLe8wF/cdWu+dOZmb7pJt8Z2sedYbAcQVQV/tEchueg3GWxwqS0cxtbxmaHEdkNACqcvsow==

linguist-languages@^7.27.0:
  version "7.27.0"
  resolved "https://registry.yarnpkg.com/linguist-languages/-/linguist-languages-7.27.0.tgz#bf42d6c62bd04655c8f60ed2f77a84eaeae4023a"
  integrity sha512-Wzx/22c5Jsv2ag+uKy+ITanGA5hzvBZngrNGDXLTC7ZjGM6FLCYGgomauTkxNJeP9of353OM0pWqngYA180xgw==

nanoid@^3.3.7:
  version "3.3.7"
  resolved "https://registry.yarnpkg.com/nanoid/-/nanoid-3.3.7.tgz#d0c301a691bc8d54efa0a2226ccf3fe2fd656bd8"
  integrity sha512-eSRppjcPIatRIMC1U6UngP8XFcz8MQWGQdt1MTBQ7NaAmvXDfvNxbvWV3x2y6CdEUciCSsDHDQZbhYaB8QEo2g==

php-parser@^3.1.5:
  version "3.1.5"
  resolved "https://registry.yarnpkg.com/php-parser/-/php-parser-3.1.5.tgz#84500e5b5c6a0907e32c38b931bb4e7d3f275026"
  integrity sha512-jEY2DcbgCm5aclzBdfW86GM6VEIWcSlhTBSHN1qhJguVePlYe28GhwS0yoeLYXpM2K8y6wzLwrbq814n2PHSoQ==

picocolors@^1.0.0:
  version "1.0.1"
  resolved "https://registry.yarnpkg.com/picocolors/-/picocolors-1.0.1.tgz#a8ad579b571952f0e5d25892de5445bcfe25aaa1"
  integrity sha512-anP1Z8qwhkbmu7MFP5iTt+wQKXgwzf7zTyGlcdzabySa9vd0Xt392U0rVmz9poOaBj0uHJKyyo9/upk0HrEQew==

postcss-less@^6.0.0:
  version "6.0.0"
  resolved "https://registry.yarnpkg.com/postcss-less/-/postcss-less-6.0.0.tgz#463b34c60f53b648c237f569aeb2e09149d85af4"
  integrity sha512-FPX16mQLyEjLzEuuJtxA8X3ejDLNGGEG503d2YGZR5Ask1SpDN8KmZUMpzCvyalWRywAn1n1VOA5dcqfCLo5rg==

postcss-scss@^4.0.9:
  version "4.0.9"
  resolved "https://registry.yarnpkg.com/postcss-scss/-/postcss-scss-4.0.9.tgz#a03c773cd4c9623cb04ce142a52afcec74806685"
  integrity sha512-AjKOeiwAitL/MXxQW2DliT28EKukvvbEWx3LBmJIRN8KfBGZbRTxNYW0kSqi1COiTZ57nZ9NW06S6ux//N1c9A==

postcss@^8.4.35:
  version "8.4.38"
  resolved "https://registry.yarnpkg.com/postcss/-/postcss-8.4.38.tgz#b387d533baf2054288e337066d81c6bee9db9e0e"
  integrity sha512-Wglpdk03BSfXkHoQa3b/oulrotAkwrlLDRSOb9D0bN86FdRyE9lppSp33aHNPgBa0JKCoB+drFLZkQoRRYae5A==
  dependencies:
    nanoid "^3.3.7"
    picocolors "^1.0.0"
    source-map-js "^1.2.0"

prettier-plugin-css-order@^2.0.1:
  version "2.1.2"
  resolved "https://registry.yarnpkg.com/prettier-plugin-css-order/-/prettier-plugin-css-order-2.1.2.tgz#75be1b838552e3760740154753e6f8970816c29d"
  integrity sha512-vomxPjHI6pOMYcBuouSJHxxQClJXaUpU9rsV9IAO2wrSTZILRRlrxAAR8t9UF6wtczLkLfNRFUwM+ZbGXOONUA==
  dependencies:
    css-declaration-sorter "^7.1.1"
    postcss-less "^6.0.0"
    postcss-scss "^4.0.9"

prettier@^3.2.5:
  version "3.3.2"
  resolved "https://registry.yarnpkg.com/prettier/-/prettier-3.3.2.tgz#03ff86dc7c835f2d2559ee76876a3914cec4a90a"
  integrity sha512-rAVeHYMcv8ATV5d508CFdn+8/pHPpXeIid1DdrPwXnaAdH7cqjVbpJaT5eq4yRAFU/lsbwYwSF/n5iNrdJHPQA==

source-map-js@^1.2.0:
  version "1.2.0"
  resolved "https://registry.yarnpkg.com/source-map-js/-/source-map-js-1.2.0.tgz#16b809c162517b5b8c3e7dcd315a2a5c2612b2af"
  integrity sha512-itJW8lvSA0TXEphiRoawsCksnlf8SyvmFzIhltqAHluXd88pkCd+cXJVHTDwdCr0IzwptSm035IHQktUu1QUMg==
